
Microsoft Visual Studio Solution File, Format Version 12.00
# Visual Studio Version 17
VisualStudioVersion = 17.7.34024.191
MinimumVisualStudioVersion = 10.0.40219.1
Project("{9A19103F-16F7-4668-BE54-9A1E7A4F7556}") = "CidadesClimas", "CidadesClimas.csproj", "{EBDEFA62-776D-46DE-B158-0DA7A437AB15}"
EndProject
Global
	GlobalSection(SolutionConfigurationPlatforms) = preSolution
		Debug|Any CPU = Debug|Any CPU
		Release|Any CPU = Release|Any CPU
	EndGlobalSection
	GlobalSection(ProjectConfigurationPlatforms) = postSolution
		{EBDEFA62-776D-46DE-B158-0DA7A437AB15}.Debug|Any CPU.ActiveCfg = Debug|Any CPU
		{EBDEFA62-776D-46DE-B158-0DA7A437AB15}.Debug|Any CPU.Build.0 = Debug|Any CPU
		{EBDEFA62-776D-46DE-B158-0DA7A437AB15}.Release|Any CPU.ActiveCfg = Release|Any CPU
		{EBDEFA62-776D-46DE-B158-0DA7A437AB15}.Release|Any CPU.Build.0 = Release|Any CPU
	EndGlobalSection
	GlobalSection(SolutionProperties) = preSolution
		HideSolutionNode = FALSE
	EndGlobalSection
	GlobalSection(ExtensibilityGlobals) = postSolution
		SolutionGuid = {48ADFCFB-FD5C-460E-B313-BFB64C4B3C74}
	EndGlobalSection
EndGlobal
